
Microsoft Visual Studio Solution File, Format Version 12.00
# Visual Studio Version 16
VisualStudioVersion = 16.0.30907.101
MinimumVisualStudioVersion = 10.0.40219.1
Project("{FAE04EC0-301F-11D3-BF4B-00C04F79EFBC}") = "Igroteka", "Igroteka\Igroteka.csproj", "{1D511341-B588-428A-B0C5-651DC7CB5ED7}"
EndProject
Global
	GlobalSection(SolutionConfigurationPlatforms) = preSolution
		Debug|Any CPU = Debug|Any CPU
		Release|Any CPU = Release|Any CPU
	EndGlobalSection
	GlobalSection(ProjectConfigurationPlatforms) = postSolution
		{1D511341-B588-428A-B0C5-651DC7CB5ED7}.Debug|Any CPU.ActiveCfg = Debug|Any CPU
		{1D511341-B588-428A-B0C5-651DC7CB5ED7}.Debug|Any CPU.Build.0 = Debug|Any CPU
		{1D511341-B588-428A-B0C5-651DC7CB5ED7}.Release|Any CPU.ActiveCfg = Release|Any CPU
		{1D511341-B588-428A-B0C5-651DC7CB5ED7}.Release|Any CPU.Build.0 = Release|Any CPU
	EndGlobalSection
	GlobalSection(SolutionProperties) = preSolution
		HideSolutionNode = FALSE
	EndGlobalSection
	GlobalSection(ExtensibilityGlobals) = postSolution
		SolutionGuid = {3832ECE0-3ED7-4290-BEB3-BFB72DB2E54E}
	EndGlobalSection
EndGlobal
