
Microsoft Visual Studio Solution File, Format Version 12.00
# Visual Studio Version 16
VisualStudioVersion = 16.0.31702.278
MinimumVisualStudioVersion = 10.0.40219.1
Project("{FAE04EC0-301F-11D3-BF4B-00C04F79EFBC}") = "Exercise_04", "Exercise_04.csproj", "{91D3DF99-999E-4E4D-914A-CB412176D31C}"
EndProject
Global
	GlobalSection(SolutionConfigurationPlatforms) = preSolution
		Debug|Any CPU = Debug|Any CPU
		Release|Any CPU = Release|Any CPU
	EndGlobalSection
	GlobalSection(ProjectConfigurationPlatforms) = postSolution
		{91D3DF99-999E-4E4D-914A-CB412176D31C}.Debug|Any CPU.ActiveCfg = Debug|Any CPU
		{91D3DF99-999E-4E4D-914A-CB412176D31C}.Debug|Any CPU.Build.0 = Debug|Any CPU
		{91D3DF99-999E-4E4D-914A-CB412176D31C}.Release|Any CPU.ActiveCfg = Release|Any CPU
		{91D3DF99-999E-4E4D-914A-CB412176D31C}.Release|Any CPU.Build.0 = Release|Any CPU
	EndGlobalSection
	GlobalSection(SolutionProperties) = preSolution
		HideSolutionNode = FALSE
	EndGlobalSection
	GlobalSection(ExtensibilityGlobals) = postSolution
		SolutionGuid = {0C3F0D95-7D2F-4764-8842-363B8BCCBF93}
	EndGlobalSection
EndGlobal
