
Microsoft Visual Studio Solution File, Format Version 12.00
# Visual Studio Version 16
VisualStudioVersion = 16.0.31129.286
MinimumVisualStudioVersion = 10.0.40219.1
Project("{FAE04EC0-301F-11D3-BF4B-00C04F79EFBC}") = "WebAppMWS", "WebAppMWS\WebAppMWS.csproj", "{0117CA4C-2732-4E53-8DA1-E90941CED448}"
EndProject
Global
	GlobalSection(SolutionConfigurationPlatforms) = preSolution
		Debug|Any CPU = Debug|Any CPU
		Release|Any CPU = Release|Any CPU
	EndGlobalSection
	GlobalSection(ProjectConfigurationPlatforms) = postSolution
		{0117CA4C-2732-4E53-8DA1-E90941CED448}.Debug|Any CPU.ActiveCfg = Debug|Any CPU
		{0117CA4C-2732-4E53-8DA1-E90941CED448}.Debug|Any CPU.Build.0 = Debug|Any CPU
		{0117CA4C-2732-4E53-8DA1-E90941CED448}.Release|Any CPU.ActiveCfg = Release|Any CPU
		{0117CA4C-2732-4E53-8DA1-E90941CED448}.Release|Any CPU.Build.0 = Release|Any CPU
	EndGlobalSection
	GlobalSection(SolutionProperties) = preSolution
		HideSolutionNode = FALSE
	EndGlobalSection
	GlobalSection(ExtensibilityGlobals) = postSolution
		SolutionGuid = {961B7482-D1A4-4636-9789-6F323CE6C3A9}
	EndGlobalSection
EndGlobal
