
Microsoft Visual Studio Solution File, Format Version 12.00
# Visual Studio Version 16
VisualStudioVersion = 16.0.30907.101
MinimumVisualStudioVersion = 10.0.40219.1
Project("{FAE04EC0-301F-11D3-BF4B-00C04F79EFBC}") = "Nedviznina", "Nedviznina\Nedviznina.csproj", "{1C0C8DD1-998D-4C30-B3A8-250995BD9367}"
EndProject
Global
	GlobalSection(SolutionConfigurationPlatforms) = preSolution
		Debug|Any CPU = Debug|Any CPU
		Release|Any CPU = Release|Any CPU
	EndGlobalSection
	GlobalSection(ProjectConfigurationPlatforms) = postSolution
		{1C0C8DD1-998D-4C30-B3A8-250995BD9367}.Debug|Any CPU.ActiveCfg = Debug|Any CPU
		{1C0C8DD1-998D-4C30-B3A8-250995BD9367}.Debug|Any CPU.Build.0 = Debug|Any CPU
		{1C0C8DD1-998D-4C30-B3A8-250995BD9367}.Release|Any CPU.ActiveCfg = Release|Any CPU
		{1C0C8DD1-998D-4C30-B3A8-250995BD9367}.Release|Any CPU.Build.0 = Release|Any CPU
	EndGlobalSection
	GlobalSection(SolutionProperties) = preSolution
		HideSolutionNode = FALSE
	EndGlobalSection
	GlobalSection(ExtensibilityGlobals) = postSolution
		SolutionGuid = {03F89EBE-1FB3-4546-A0EE-5B19B3AD1A5D}
	EndGlobalSection
EndGlobal
